name: orbit_transfer

task_name: orbit_transfer

shape_meta: &shape_meta
  obs:
    point_cloud:
      shape: [1024, 3]
      type: point_cloud
    joint_pos:
      shape: [8]
      type: low_dim
  action:
    shape: [7]

env_runner:
  _target_: diffusion_policy_3d.env_runner.orbit_runner.OrbitRunner
  n_train: 20
  max_steps: 250
  n_obs_steps: ${n_obs_steps}
  n_action_steps: ${n_action_steps}

dataset:
  _target_: diffusion_policy_3d.dataset.orbit_dataset.OrbitDataset
  zarr_path: /home/mas/Documents/github/orbit-surgical-org/orbit-surgical-nv/logs/dp3/Isaac-Transfer-Block-PSM-IK-Rel-v0/transfer_block_board_d3_30_rel.zarr
  horizon: ${horizon}
  pad_before: ${eval:'${n_obs_steps}-1'}
  pad_after: ${eval:'${n_action_steps}-1'}
  seed: 42
  val_ratio: 0.02
  max_train_episodes: 90
